Microsoft Visual Studio Solution File, Format Version 12.00
# Visual Studio Version 17
VisualStudioVersion = 17.5.2.0
MinimumVisualStudioVersion = 10.0.40219.1
Project("{2150E333-8FDC-42A3-9474-1A3956D46DE8}") = "rewrite", "rewrite", "{37D9E560-DCBD-7BCE-8E01-C51EFC27FC39}"
EndProject
Project("{FAE04EC0-301F-11D3-BF4B-00C04F79EFBC}") = "Key2Xbox.Rewrite", "rewrite\Key2Xbox.Rewrite\Key2Xbox.Rewrite.csproj", "{EBA396CB-BFE6-982F-4C5E-2846EE3674E0}"
EndProject
Global
	GlobalSection(SolutionConfigurationPlatforms) = preSolution
		Debug|Any CPU = Debug|Any CPU
		Release|Any CPU = Release|Any CPU
	EndGlobalSection
	GlobalSection(ProjectConfigurationPlatforms) = postSolution
		{EBA396CB-BFE6-982F-4C5E-2846EE3674E0}.Debug|Any CPU.ActiveCfg = Debug|Any CPU
		{EBA396CB-BFE6-982F-4C5E-2846EE3674E0}.Debug|Any CPU.Build.0 = Debug|Any CPU
		{EBA396CB-BFE6-982F-4C5E-2846EE3674E0}.Release|Any CPU.ActiveCfg = Release|Any CPU
		{EBA396CB-BFE6-982F-4C5E-2846EE3674E0}.Release|Any CPU.Build.0 = Release|Any CPU
	EndGlobalSection
	GlobalSection(SolutionProperties) = preSolution
		HideSolutionNode = FALSE
	EndGlobalSection
	GlobalSection(NestedProjects) = preSolution
		{EBA396CB-BFE6-982F-4C5E-2846EE3674E0} = {37D9E560-DCBD-7BCE-8E01-C51EFC27FC39}
	EndGlobalSection
	GlobalSection(ExtensibilityGlobals) = postSolution
		SolutionGuid = {61FCDB65-EF8F-4612-BCAD-384C1562043A}
	EndGlobalSection
EndGlobal
